
Microsoft Visual Studio Solution File, Format Version 12.00
# Visual Studio 15
VisualStudioVersion = 15.0.26730.12
MinimumVisualStudioVersion = 10.0.40219.1
Project("{FAE04EC0-301F-11D3-BF4B-00C04F79EFBC}") = "09. File_en_IO", "09. File_en_IO.csproj", "{CF61627D-5AF5-4B93-AE5B-365EC4B3CC88}"
EndProject
Global
	GlobalSection(SolutionConfigurationPlatforms) = preSolution
		Debug|Any CPU = Debug|Any CPU
		Release|Any CPU = Release|Any CPU
	EndGlobalSection
	GlobalSection(ProjectConfigurationPlatforms) = postSolution
		{CF61627D-5AF5-4B93-AE5B-365EC4B3CC88}.Debug|Any CPU.ActiveCfg = Debug|Any CPU
		{CF61627D-5AF5-4B93-AE5B-365EC4B3CC88}.Debug|Any CPU.Build.0 = Debug|Any CPU
		{CF61627D-5AF5-4B93-AE5B-365EC4B3CC88}.Release|Any CPU.ActiveCfg = Release|Any CPU
		{CF61627D-5AF5-4B93-AE5B-365EC4B3CC88}.Release|Any CPU.Build.0 = Release|Any CPU
	EndGlobalSection
	GlobalSection(SolutionProperties) = preSolution
		HideSolutionNode = FALSE
	EndGlobalSection
	GlobalSection(ExtensibilityGlobals) = postSolution
		SolutionGuid = {05F9236C-5FBE-4848-B851-AC8095D72726}
	EndGlobalSection
EndGlobal
